// !$*UTF8*$!
{
	archiveVersion = 1;
	classes = {
	};
	objectVersion = 50;
	objects = {

/* Begin PBXBuildFile section */
		DF7BDC66246788DF00DC398C /* AppDelegate.swift in Sources */ = {isa = PBXBuildFile; fileRef = DF7BDC65246788DF00DC398C /* AppDelegate.swift */; };
		DF7BDC6D246788DF00DC398C /* Main.storyboard in Resources */ = {isa = PBXBuildFile; fileRef = DF7BDC6B246788DF00DC398C /* Main.storyboard */; };
		DF7BDC70246788DF00DC398C /* UserDetails.xcdatamodeld in Sources */ = {isa = PBXBuildFile; fileRef = DF7BDC6E246788DF00DC398C /* UserDetails.xcdatamodeld */; };
		DF7BDC72246788E000DC398C /* Assets.xcassets in Resources */ = {isa = PBXBuildFile; fileRef = DF7BDC71246788E000DC398C /* Assets.xcassets */; };
		DF7BDC75246788E000DC398C /* LaunchScreen.storyboard in Resources */ = {isa = PBXBuildFile; fileRef = DF7BDC73246788E000DC398C /* LaunchScreen.storyboard */; };
		DFB8A7AA2469D68E006FF1CC /* TableViewCell.swift in Sources */ = {isa = PBXBuildFile; fileRef = DFB8A7A82469D68E006FF1CC /* TableViewCell.swift */; };
		DFB8A7AB2469D68E006FF1CC /* TableViewCell.xib in Resources */ = {isa = PBXBuildFile; fileRef = DFB8A7A92469D68E006FF1CC /* TableViewCell.xib */; };
		DFCE12E6246862150036BBF6 /* QueryVC.swift in Sources */ = {isa = PBXBuildFile; fileRef = DFCE12E5246862150036BBF6 /* QueryVC.swift */; };
		DFCE12E9246863420036BBF6 /* MenuTableVC.swift in Sources */ = {isa = PBXBuildFile; fileRef = DFCE12E7246863420036BBF6 /* MenuTableVC.swift */; };
		DFCE12EC246865390036BBF6 /* HamMenuTransition.swift in Sources */ = {isa = PBXBuildFile; fileRef = DFCE12EB246865390036BBF6 /* HamMenuTransition.swift */; };
		DFCE12EE246869CF0036BBF6 /* ViewTableVC.swift in Sources */ = {isa = PBXBuildFile; fileRef = DFCE12ED246869CF0036BBF6 /* ViewTableVC.swift */; };
		DFCE12F024686E570036BBF6 /* UserDetailsVC.swift in Sources */ = {isa = PBXBuildFile; fileRef = DFCE12EF24686E570036BBF6 /* UserDetailsVC.swift */; };
		DFD0CE5F246A232100F52F15 /* Request.swift in Sources */ = {isa = PBXBuildFile; fileRef = DFD0CE5E246A232100F52F15 /* Request.swift */; };
/* End PBXBuildFile section */

/* Begin PBXCopyFilesBuildPhase section */
		DF653F01246950210026A712 /* Embed Frameworks */ = {
			isa = PBXCopyFilesBuildPhase;
			buildActionMask = 2147483647;
			dstPath = "";
			dstSubfolderSpec = 10;
			files = (
			);
			name = "Embed Frameworks";
			runOnlyForDeploymentPostprocessing = 0;
		};
/* End PBXCopyFilesBuildPhase section */

/* Begin PBXFileReference section */
		DF7BDC62246788DF00DC398C /* UserDetails.app */ = {isa = PBXFileReference; explicitFileType = wrapper.application; includeInIndex = 0; path = UserDetails.app; sourceTree = BUILT_PRODUCTS_DIR; };
		DF7BDC65246788DF00DC398C /* AppDelegate.swift */ = {isa = PBXFileReference; lastKnownFileType = sourcecode.swift; path = AppDelegate.swift; sourceTree = "<group>"; };
		DF7BDC6C246788DF00DC398C /* Base */ = {isa = PBXFileReference; lastKnownFileType = file.storyboard; name = Base; path = Base.lproj/Main.storyboard; sourceTree = "<group>"; };
		DF7BDC6F246788DF00DC398C /* UserDetails.xcdatamodel */ = {isa = PBXFileReference; lastKnownFileType = wrapper.xcdatamodel; path = UserDetails.xcdatamodel; sourceTree = "<group>"; };
		DF7BDC71246788E000DC398C /* Assets.xcassets */ = {isa = PBXFileReference; lastKnownFileType = folder.assetcatalog; path = Assets.xcassets; sourceTree = "<group>"; };
		DF7BDC74246788E000DC398C /* Base */ = {isa = PBXFileReference; lastKnownFileType = file.storyboard; name = Base; path = Base.lproj/LaunchScreen.storyboard; sourceTree = "<group>"; };
		DF7BDC76246788E000DC398C /* Info.plist */ = {isa = PBXFileReference; lastKnownFileType = text.plist.xml; path = Info.plist; sourceTree = "<group>"; };
		DFB8A7A82469D68E006FF1CC /* TableViewCell.swift */ = {isa = PBXFileReference; lastKnownFileType = sourcecode.swift; path = TableViewCell.swift; sourceTree = "<group>"; };
		DFB8A7A92469D68E006FF1CC /* TableViewCell.xib */ = {isa = PBXFileReference; lastKnownFileType = file.xib; path = TableViewCell.xib; sourceTree = "<group>"; };
		DFCE12E5246862150036BBF6 /* QueryVC.swift */ = {isa = PBXFileReference; lastKnownFileType = sourcecode.swift; path = QueryVC.swift; sourceTree = "<group>"; };
		DFCE12E7246863420036BBF6 /* MenuTableVC.swift */ = {isa = PBXFileReference; lastKnownFileType = sourcecode.swift; path = MenuTableVC.swift; sourceTree = "<group>"; };
		DFCE12EB246865390036BBF6 /* HamMenuTransition.swift */ = {isa = PBXFileReference; lastKnownFileType = sourcecode.swift; path = HamMenuTransition.swift; sourceTree = "<group>"; };
		DFCE12ED246869CF0036BBF6 /* ViewTableVC.swift */ = {isa = PBXFileReference; lastKnownFileType = sourcecode.swift; path = ViewTableVC.swift; sourceTree = "<group>"; };
		DFCE12EF24686E570036BBF6 /* UserDetailsVC.swift */ = {isa = PBXFileReference; lastKnownFileType = sourcecode.swift; path = UserDetailsVC.swift; sourceTree = "<group>"; };
		DFD0CE5E246A232100F52F15 /* Request.swift */ = {isa = PBXFileReference; lastKnownFileType = sourcecode.swift; path = Request.swift; sourceTree = "<group>"; };
/* End PBXFileReference section */

/* Begin PBXFrameworksBuildPhase section */
		DF7BDC5F246788DF00DC398C /* Frameworks */ = {
			isa = PBXFrameworksBuildPhase;
			buildActionMask = 2147483647;
			files = (
			);
			runOnlyForDeploymentPostprocessing = 0;
		};
/* End PBXFrameworksBuildPhase section */

/* Begin PBXGroup section */
		DF653EFE246950210026A712 /* Frameworks */ = {
			isa = PBXGroup;
			children = (
			);
			name = Frameworks;
			sourceTree = "<group>";
		};
		DF7BDC59246788DF00DC398C = {
			isa = PBXGroup;
			children = (
				DF7BDC64246788DF00DC398C /* UserDetails */,
				DF7BDC63246788DF00DC398C /* Products */,
				DF653EFE246950210026A712 /* Frameworks */,
			);
			sourceTree = "<group>";
		};
		DF7BDC63246788DF00DC398C /* Products */ = {
			isa = PBXGroup;
			children = (
				DF7BDC62246788DF00DC398C /* UserDetails.app */,
			);
			name = Products;
			sourceTree = "<group>";
		};
		DF7BDC64246788DF00DC398C /* UserDetails */ = {
			isa = PBXGroup;
			children = (
				DF7BDC65246788DF00DC398C /* AppDelegate.swift */,
				DFCE12E5246862150036BBF6 /* QueryVC.swift */,
				DFCE12EF24686E570036BBF6 /* UserDetailsVC.swift */,
				DFCE12E7246863420036BBF6 /* MenuTableVC.swift */,
				DFCE12EB246865390036BBF6 /* HamMenuTransition.swift */,
				DFCE12ED246869CF0036BBF6 /* ViewTableVC.swift */,
				DFB8A7A82469D68E006FF1CC /* TableViewCell.swift */,
				DFB8A7A92469D68E006FF1CC /* TableViewCell.xib */,
				DFD0CE5E246A232100F52F15 /* Request.swift */,
				DF7BDC6B246788DF00DC398C /* Main.storyboard */,
				DF7BDC71246788E000DC398C /* Assets.xcassets */,
				DF7BDC73246788E000DC398C /* LaunchScreen.storyboard */,
				DF7BDC76246788E000DC398C /* Info.plist */,
				DF7BDC6E246788DF00DC398C /* UserDetails.xcdatamodeld */,
			);
			path = UserDetails;
			sourceTree = "<group>";
		};
/* End PBXGroup section */

/* Begin PBXNativeTarget section */
		DF7BDC61246788DF00DC398C /* UserDetails */ = {
			isa = PBXNativeTarget;
			buildConfigurationList = DF7BDC79246788E000DC398C /* Build configuration list for PBXNativeTarget "UserDetails" */;
			buildPhases = (
				DF7BDC5E246788DF00DC398C /* Sources */,
				DF7BDC5F246788DF00DC398C /* Frameworks */,
				DF7BDC60246788DF00DC398C /* Resources */,
				DF653F01246950210026A712 /* Embed Frameworks */,
			);
			buildRules = (
			);
			dependencies = (
			);
			name = UserDetails;
			productName = UserDetails;
			productReference = DF7BDC62246788DF00DC398C /* UserDetails.app */;
			productType = "com.apple.product-type.application";
		};
/* End PBXNativeTarget section */

/* Begin PBXProject section */
		DF7BDC5A246788DF00DC398C /* Project object */ = {
			isa = PBXProject;
			attributes = {
				LastSwiftUpdateCheck = 1130;
				LastUpgradeCheck = 1130;
				ORGANIZATIONNAME = "Dadha Kumar";
				TargetAttributes = {
					DF7BDC61246788DF00DC398C = {
						CreatedOnToolsVersion = 11.3.1;
					};
				};
			};
			buildConfigurationList = DF7BDC5D246788DF00DC398C /* Build configuration list for PBXProject "UserDetails" */;
			compatibilityVersion = "Xcode 9.3";
			developmentRegion = en;
			hasScannedForEncodings = 0;
			knownRegions = (
				en,
				Base,
			);
			mainGroup = DF7BDC59246788DF00DC398C;
			productRefGroup = DF7BDC63246788DF00DC398C /* Products */;
			projectDirPath = "";
			projectRoot = "";
			targets = (
				DF7BDC61246788DF00DC398C /* UserDetails */,
			);
		};
/* End PBXProject section */

/* Begin PBXResourcesBuildPhase section */
		DF7BDC60246788DF00DC398C /* Resources */ = {
			isa = PBXResourcesBuildPhase;
			buildActionMask = 2147483647;
			files = (
				DF7BDC75246788E000DC398C /* LaunchScreen.storyboard in Resources */,
				DFB8A7AB2469D68E006FF1CC /* TableViewCell.xib in Resources */,
				DF7BDC72246788E000DC398C /* Assets.xcassets in Resources */,
				DF7BDC6D246788DF00DC398C /* Main.storyboard in Resources */,
			);
			runOnlyForDeploymentPostprocessing = 0;
		};
/* End PBXResourcesBuildPhase section */

/* Begin PBXSourcesBuildPhase section */
		DF7BDC5E246788DF00DC398C /* Sources */ = {
			isa = PBXSourcesBuildPhase;
			buildActionMask = 2147483647;
			files = (
				DFCE12EC246865390036BBF6 /* HamMenuTransition.swift in Sources */,
				DFCE12E9246863420036BBF6 /* MenuTableVC.swift in Sources */,
				DF7BDC70246788DF00DC398C /* UserDetails.xcdatamodeld in Sources */,
				DFB8A7AA2469D68E006FF1CC /* TableViewCell.swift in Sources */,
				DF7BDC66246788DF00DC398C /* AppDelegate.swift in Sources */,
				DFCE12F024686E570036BBF6 /* UserDetailsVC.swift in Sources */,
				DFD0CE5F246A232100F52F15 /* Request.swift in Sources */,
				DFCE12EE246869CF0036BBF6 /* ViewTableVC.swift in Sources */,
				DFCE12E6246862150036BBF6 /* QueryVC.swift in Sources */,
			);
			runOnlyForDeploymentPostprocessing = 0;
		};
/* End PBXSourcesBuildPhase section */

/* Begin PBXVariantGroup section */
		DF7BDC6B246788DF00DC398C /* Main.storyboard */ = {
			isa = PBXVariantGroup;
			children = (
				DF7BDC6C246788DF00DC398C /* Base */,
			);
			name = Main.storyboard;
			sourceTree = "<group>";
		};
		DF7BDC73246788E000DC398C /* LaunchScreen.storyboard */ = {
			isa = PBXVariantGroup;
			children = (
				DF7BDC74246788E000DC398C /* Base */,
			);
			name = LaunchScreen.storyboard;
			sourceTree = "<group>";
		};
/* End PBXVariantGroup section */

/* Begin XCBuildConfiguration section */
		DF7BDC77246788E000DC398C /* Debug */ = {
			isa = XCBuildConfiguration;
			buildSettings = {
				ALWAYS_SEARCH_USER_PATHS = NO;
				CLANG_ANALYZER_NONNULL = YES;
				CLANG_ANALYZER_NUMBER_OBJECT_CONVERSION = YES_AGGRESSIVE;
				CLANG_CXX_LANGUAGE_STANDARD = "gnu++14";
				CLANG_CXX_LIBRARY = "libc++";
				CLANG_ENABLE_MODULES = YES;
				CLANG_ENABLE_OBJC_ARC = YES;
				CLANG_ENABLE_OBJC_WEAK = YES;
				CLANG_WARN_BLOCK_CAPTURE_AUTORELEASING = YES;
				CLANG_WARN_BOOL_CONVERSION = YES;
				CLANG_WARN_COMMA = YES;
				CLANG_WARN_CONSTANT_CONVERSION = YES;
				CLANG_WARN_DEPRECATED_OBJC_IMPLEMENTATIONS = YES;
				CLANG_WARN_DIRECT_OBJC_ISA_USAGE = YES_ERROR;
				CLANG_WARN_DOCUMENTATION_COMMENTS = YES;
				CLANG_WARN_EMPTY_BODY = YES;
				CLANG_WARN_ENUM_CONVERSION = YES;
				CLANG_WARN_INFINITE_RECURSION = YES;
				CLANG_WARN_INT_CONVERSION = YES;
				CLANG_WARN_NON_LITERAL_NULL_CONVERSION = YES;
				CLANG_WARN_OBJC_IMPLICIT_RETAIN_SELF = YES;
				CLANG_WARN_OBJC_LITERAL_CONVERSION = YES;
				CLANG_WARN_OBJC_ROOT_CLASS = YES_ERROR;
				CLANG_WARN_RANGE_LOOP_ANALYSIS = YES;
				CLANG_WARN_STRICT_PROTOTYPES = YES;
				CLANG_WARN_SUSPICIOUS_MOVE = YES;
				CLANG_WARN_UNGUARDED_AVAILABILITY = YES_AGGRESSIVE;
				CLANG_WARN_UNREACHABLE_CODE = YES;
				CLANG_WARN__DUPLICATE_METHOD_MATCH = YES;
				COPY_PHASE_STRIP = NO;
				DEBUG_INFORMATION_FORMAT = dwarf;
				ENABLE_STRICT_OBJC_MSGSEND = YES;
				ENABLE_TESTABILITY = YES;
				GCC_C_LANGUAGE_STANDARD = gnu11;
				GCC_DYNAMIC_NO_PIC = NO;
				GCC_NO_COMMON_BLOCKS = YES;
				GCC_OPTIMIZATION_LEVEL = 0;
				GCC_PREPROCESSOR_DEFINITIONS = (
					"DEBUG=1",
					"$(inherited)",
				);
				GCC_WARN_64_TO_32_BIT_CONVERSION = YES;
				GCC_WARN_ABOUT_RETURN_TYPE = YES_ERROR;
				GCC_WARN_UNDECLARED_SELECTOR = YES;
				GCC_WARN_UNINITIALIZED_AUTOS = YES_AGGRESSIVE;
				GCC_WARN_UNUSED_FUNCTION = YES;
				GCC_WARN_UNUSED_VARIABLE = YES;
				IPHONEOS_DEPLOYMENT_TARGET = 13.2;
				MTL_ENABLE_DEBUG_INFO = INCLUDE_SOURCE;
				MTL_FAST_MATH = YES;
				ONLY_ACTIVE_ARCH = YES;
				SDKROOT = iphoneos;
				SWIFT_ACTIVE_COMPILATION_CONDITIONS = DEBUG;
				SWIFT_OPTIMIZATION_LEVEL = "-Onone";
			};
			name = Debug;
		};
		DF7BDC78246788E000DC398C /* Release */ = {
			isa = XCBuildConfiguration;
			buildSettings = {
				ALWAYS_SEARCH_USER_PATHS = NO;
				CLANG_ANALYZER_NONNULL = YES;
				CLANG_ANALYZER_NUMBER_OBJECT_CONVERSION = YES_AGGRESSIVE;
				CLANG_CXX_LANGUAGE_STANDARD = "gnu++14";
				CLANG_CXX_LIBRARY = "libc++";
				CLANG_ENABLE_MODULES = YES;
				CLANG_ENABLE_OBJC_ARC = YES;
				CLANG_ENABLE_OBJC_WEAK = YES;
				CLANG_WARN_BLOCK_CAPTURE_AUTORELEASING = YES;
				CLANG_WARN_BOOL_CONVERSION = YES;
				CLANG_WARN_COMMA = YES;
				CLANG_WARN_CONSTANT_CONVERSION = YES;
				CLANG_WARN_DEPRECATED_OBJC_IMPLEMENTATIONS = YES;
				CLANG_WARN_DIRECT_OBJC_ISA_USAGE = YES_ERROR;
				CLANG_WARN_DOCUMENTATION_COMMENTS = YES;
				CLANG_WARN_EMPTY_BODY = YES;
				CLANG_WARN_ENUM_CONVERSION = YES;
				CLANG_WARN_INFINITE_RECURSION = YES;
				CLANG_WARN_INT_CONVERSION = YES;
				CLANG_WARN_NON_LITERAL_NULL_CONVERSION = YES;
				CLANG_WARN_OBJC_IMPLICIT_RETAIN_SELF = YES;
				CLANG_WARN_OBJC_LITERAL_CONVERSION = YES;
				CLANG_WARN_OBJC_ROOT_CLASS = YES_ERROR;
				CLANG_WARN_RANGE_LOOP_ANALYSIS = YES;
				CLANG_WARN_STRICT_PROTOTYPES = YES;
				CLANG_WARN_SUSPICIOUS_MOVE = YES;
				CLANG_WARN_UNGUARDED_AVAILABILITY = YES_AGGRESSIVE;
				CLANG_WARN_UNREACHABLE_CODE = YES;
				CLANG_WARN__DUPLICATE_METHOD_MATCH = YES;
				COPY_PHASE_STRIP = NO;
				DEBUG_INFORMATION_FORMAT = "dwarf-with-dsym";
				ENABLE_NS_ASSERTIONS = NO;
				ENABLE_STRICT_OBJC_MSGSEND = YES;
				GCC_C_LANGUAGE_STANDARD = gnu11;
				GCC_NO_COMMON_BLOCKS = YES;
				GCC_WARN_64_TO_32_BIT_CONVERSION = YES;
				GCC_WARN_ABOUT_RETURN_TYPE = YES_ERROR;
				GCC_WARN_UNDECLARED_SELECTOR = YES;
				GCC_WARN_UNINITIALIZED_AUTOS = YES_AGGRESSIVE;
				GCC_WARN_UNUSED_FUNCTION = YES;
				GCC_WARN_UNUSED_VARIABLE = YES;
				IPHONEOS_DEPLOYMENT_TARGET = 13.2;
				MTL_ENABLE_DEBUG_INFO = NO;
				MTL_FAST_MATH = YES;
				SDKROOT = iphoneos;
				SWIFT_COMPILATION_MODE = wholemodule;
				SWIFT_OPTIMIZATION_LEVEL = "-O";
				VALIDATE_PRODUCT = YES;
			};
			name = Release;
		};
		DF7BDC7A246788E000DC398C /* Debug */ = {
			isa = XCBuildConfiguration;
			buildSettings = {
				ASSETCATALOG_COMPILER_APPICON_NAME = AppIcon;
				CODE_SIGN_STYLE = Automatic;
				FRAMEWORK_SEARCH_PATHS = (
					"$(inherited)",
					"$(PROJECT_DIR)/VendorFrameworks",
				);
				INFOPLIST_FILE = UserDetails/Info.plist;
				IPHONEOS_DEPLOYMENT_TARGET = 10.0;
				LD_RUNPATH_SEARCH_PATHS = (
					"$(inherited)",
					"@executable_path/Frameworks",
				);
				PRODUCT_BUNDLE_IDENTIFIER = com.assign.UserDetails;
				PRODUCT_NAME = "$(TARGET_NAME)";
				SWIFT_VERSION = 5.0;
				TARGETED_DEVICE_FAMILY = 1;
			};
			name = Debug;
		};
		DF7BDC7B246788E000DC398C /* Release */ = {
			isa = XCBuildConfiguration;
			buildSettings = {
				ASSETCATALOG_COMPILER_APPICON_NAME = AppIcon;
				CODE_SIGN_STYLE = Automatic;
				FRAMEWORK_SEARCH_PATHS = (
					"$(inherited)",
					"$(PROJECT_DIR)/VendorFrameworks",
				);
				INFOPLIST_FILE = UserDetails/Info.plist;
				IPHONEOS_DEPLOYMENT_TARGET = 10.0;
				LD_RUNPATH_SEARCH_PATHS = (
					"$(inherited)",
					"@executable_path/Frameworks",
				);
				PRODUCT_BUNDLE_IDENTIFIER = com.assign.UserDetails;
				PRODUCT_NAME = "$(TARGET_NAME)";
				SWIFT_VERSION = 5.0;
				TARGETED_DEVICE_FAMILY = 1;
			};
			name = Release;
		};
/* End XCBuildConfiguration section */

/* Begin XCConfigurationList section */
		DF7BDC5D246788DF00DC398C /* Build configuration list for PBXProject "UserDetails" */ = {
			isa = XCConfigurationList;
			buildConfigurations = (
				DF7BDC77246788E000DC398C /* Debug */,
				DF7BDC78246788E000DC398C /* Release */,
			);
			defaultConfigurationIsVisible = 0;
			defaultConfigurationName = Release;
		};
		DF7BDC79246788E000DC398C /* Build configuration list for PBXNativeTarget "UserDetails" */ = {
			isa = XCConfigurationList;
			buildConfigurations = (
				DF7BDC7A246788E000DC398C /* Debug */,
				DF7BDC7B246788E000DC398C /* Release */,
			);
			defaultConfigurationIsVisible = 0;
			defaultConfigurationName = Release;
		};
/* End XCConfigurationList section */

/* Begin XCVersionGroup section */
		DF7BDC6E246788DF00DC398C /* UserDetails.xcdatamodeld */ = {
			isa = XCVersionGroup;
			children = (
				DF7BDC6F246788DF00DC398C /* UserDetails.xcdatamodel */,
			);
			currentVersion = DF7BDC6F246788DF00DC398C /* UserDetails.xcdatamodel */;
			path = UserDetails.xcdatamodeld;
			sourceTree = "<group>";
			versionGroupType = wrapper.xcdatamodel;
		};
/* End XCVersionGroup section */
	};
	rootObject = DF7BDC5A246788DF00DC398C /* Project object */;
}
